
Microsoft Visual Studio Solution File, Format Version 12.00
# Visual Studio 15
VisualStudioVersion = 15.0.27130.2027
MinimumVisualStudioVersion = 10.0.40219.1
Project("{FAE04EC0-301F-11D3-BF4B-00C04F79EFBC}") = "Coordinator", "Coordinator\Coordinator.csproj", "{6459A609-F828-4C1F-A8EC-CA5D5D55E91E}"
EndProject
Project("{2150E333-8FDC-42A3-9474-1A3956D46DE8}") = "Common", "Common", "{9BCE90EB-9551-4C1F-8EC8-479B4FB92A30}"
EndProject
Project("{2150E333-8FDC-42A3-9474-1A3956D46DE8}") = "Subroutines", "Subroutines", "{0B99463F-BE4D-4915-B1A5-F487C074D539}"
EndProject
Project("{FAE04EC0-301F-11D3-BF4B-00C04F79EFBC}") = "Coordinator.Core", "Coordinator.Core\Coordinator.Core.csproj", "{18504B40-8464-4FB2-A37C-90A87D3768D8}"
EndProject
Project("{FAE04EC0-301F-11D3-BF4B-00C04F79EFBC}") = "Core", "..\..\Common\Core\Core.csproj", "{0277D423-8556-4D53-8C97-F6A044569775}"
EndProject
Project("{FAE04EC0-301F-11D3-BF4B-00C04F79EFBC}") = "Constants", "..\..\Common\Constants\Constants.csproj", "{B54BE880-9276-470B-B21F-D2C84682BE47}"
EndProject
Project("{FAE04EC0-301F-11D3-BF4B-00C04F79EFBC}") = "Logger", "..\..\Common\Logger\Logger.csproj", "{BBBD1F23-01A4-4204-AD33-F8C4666941A5}"
EndProject
Project("{FAE04EC0-301F-11D3-BF4B-00C04F79EFBC}") = "DbBridge", "..\..\Common\DbBridge\DbBridge.csproj", "{FEAE4F06-113D-4617-B4F7-C634D4313B40}"
EndProject
Project("{FAE04EC0-301F-11D3-BF4B-00C04F79EFBC}") = "Practical", "..\..\Common\Practical\Practical.csproj", "{94799A16-DB56-4631-838A-AE390FB1097E}"
EndProject
Project("{FAE04EC0-301F-11D3-BF4B-00C04F79EFBC}") = "Coordinator.Service", "Coordinator.Service\Coordinator.Service.csproj", "{F5D40FED-1CA5-4234-9840-E71CDADC3993}"
EndProject
Project("{FAE04EC0-301F-11D3-BF4B-00C04F79EFBC}") = "AlertMessage", "..\..\Common\AlertMessage\AlertMessage.csproj", "{1BCD40C4-8BB3-4474-A3EE-13466F0632F0}"
EndProject
Project("{2150E333-8FDC-42A3-9474-1A3956D46DE8}") = "Tests", "Tests", "{EA8276ED-A460-4A1B-BD32-47E1DCDA8875}"
EndProject
Project("{FAE04EC0-301F-11D3-BF4B-00C04F79EFBC}") = "Coordinator.Constants", "Coordinator.Constants\Coordinator.Constants.csproj", "{00A251EC-CC25-4BBD-9FF1-8F2BC4F155B5}"
EndProject
Project("{FAE04EC0-301F-11D3-BF4B-00C04F79EFBC}") = "Coordinator.Robot", "Coordinator.Robot\Coordinator.Robot.csproj", "{13B83BF8-2BC7-4495-8854-D19300DB9703}"
EndProject
Project("{FAE04EC0-301F-11D3-BF4B-00C04F79EFBC}") = "DbEntities.Test", "..\..\Tests\DbEntities.Test\DbEntities.Test.csproj", "{D0586FC1-E513-4938-B1FA-95C16DBB3CCB}"
EndProject
Global
	GlobalSection(SolutionConfigurationPlatforms) = preSolution
		Debug|Any CPU = Debug|Any CPU
		Release|Any CPU = Release|Any CPU
	EndGlobalSection
	GlobalSection(ProjectConfigurationPlatforms) = postSolution
		{6459A609-F828-4C1F-A8EC-CA5D5D55E91E}.Debug|Any CPU.ActiveCfg = Debug|Any CPU
		{6459A609-F828-4C1F-A8EC-CA5D5D55E91E}.Debug|Any CPU.Build.0 = Debug|Any CPU
		{6459A609-F828-4C1F-A8EC-CA5D5D55E91E}.Release|Any CPU.ActiveCfg = Release|Any CPU
		{6459A609-F828-4C1F-A8EC-CA5D5D55E91E}.Release|Any CPU.Build.0 = Release|Any CPU
		{18504B40-8464-4FB2-A37C-90A87D3768D8}.Debug|Any CPU.ActiveCfg = Debug|Any CPU
		{18504B40-8464-4FB2-A37C-90A87D3768D8}.Debug|Any CPU.Build.0 = Debug|Any CPU
		{18504B40-8464-4FB2-A37C-90A87D3768D8}.Release|Any CPU.ActiveCfg = Release|Any CPU
		{18504B40-8464-4FB2-A37C-90A87D3768D8}.Release|Any CPU.Build.0 = Release|Any CPU
		{0277D423-8556-4D53-8C97-F6A044569775}.Debug|Any CPU.ActiveCfg = Debug|Any CPU
		{0277D423-8556-4D53-8C97-F6A044569775}.Debug|Any CPU.Build.0 = Debug|Any CPU
		{0277D423-8556-4D53-8C97-F6A044569775}.Release|Any CPU.ActiveCfg = Release|Any CPU
		{0277D423-8556-4D53-8C97-F6A044569775}.Release|Any CPU.Build.0 = Release|Any CPU
		{B54BE880-9276-470B-B21F-D2C84682BE47}.Debug|Any CPU.ActiveCfg = Debug|Any CPU
		{B54BE880-9276-470B-B21F-D2C84682BE47}.Debug|Any CPU.Build.0 = Debug|Any CPU
		{B54BE880-9276-470B-B21F-D2C84682BE47}.Release|Any CPU.ActiveCfg = Release|Any CPU
		{B54BE880-9276-470B-B21F-D2C84682BE47}.Release|Any CPU.Build.0 = Release|Any CPU
		{BBBD1F23-01A4-4204-AD33-F8C4666941A5}.Debug|Any CPU.ActiveCfg = Debug|Any CPU
		{BBBD1F23-01A4-4204-AD33-F8C4666941A5}.Debug|Any CPU.Build.0 = Debug|Any CPU
		{BBBD1F23-01A4-4204-AD33-F8C4666941A5}.Release|Any CPU.ActiveCfg = Release|Any CPU
		{BBBD1F23-01A4-4204-AD33-F8C4666941A5}.Release|Any CPU.Build.0 = Release|Any CPU
		{FEAE4F06-113D-4617-B4F7-C634D4313B40}.Debug|Any CPU.ActiveCfg = Debug|Any CPU
		{FEAE4F06-113D-4617-B4F7-C634D4313B40}.Debug|Any CPU.Build.0 = Debug|Any CPU
		{FEAE4F06-113D-4617-B4F7-C634D4313B40}.Release|Any CPU.ActiveCfg = Release|Any CPU
		{FEAE4F06-113D-4617-B4F7-C634D4313B40}.Release|Any CPU.Build.0 = Release|Any CPU
		{94799A16-DB56-4631-838A-AE390FB1097E}.Debug|Any CPU.ActiveCfg = Debug|Any CPU
		{94799A16-DB56-4631-838A-AE390FB1097E}.Debug|Any CPU.Build.0 = Debug|Any CPU
		{94799A16-DB56-4631-838A-AE390FB1097E}.Release|Any CPU.ActiveCfg = Release|Any CPU
		{94799A16-DB56-4631-838A-AE390FB1097E}.Release|Any CPU.Build.0 = Release|Any CPU
		{F5D40FED-1CA5-4234-9840-E71CDADC3993}.Debug|Any CPU.ActiveCfg = Debug|Any CPU
		{F5D40FED-1CA5-4234-9840-E71CDADC3993}.Debug|Any CPU.Build.0 = Debug|Any CPU
		{F5D40FED-1CA5-4234-9840-E71CDADC3993}.Release|Any CPU.ActiveCfg = Release|Any CPU
		{F5D40FED-1CA5-4234-9840-E71CDADC3993}.Release|Any CPU.Build.0 = Release|Any CPU
		{1BCD40C4-8BB3-4474-A3EE-13466F0632F0}.Debug|Any CPU.ActiveCfg = Debug|Any CPU
		{1BCD40C4-8BB3-4474-A3EE-13466F0632F0}.Debug|Any CPU.Build.0 = Debug|Any CPU
		{1BCD40C4-8BB3-4474-A3EE-13466F0632F0}.Release|Any CPU.ActiveCfg = Release|Any CPU
		{1BCD40C4-8BB3-4474-A3EE-13466F0632F0}.Release|Any CPU.Build.0 = Release|Any CPU
		{00A251EC-CC25-4BBD-9FF1-8F2BC4F155B5}.Debug|Any CPU.ActiveCfg = Debug|Any CPU
		{00A251EC-CC25-4BBD-9FF1-8F2BC4F155B5}.Debug|Any CPU.Build.0 = Debug|Any CPU
		{00A251EC-CC25-4BBD-9FF1-8F2BC4F155B5}.Release|Any CPU.ActiveCfg = Release|Any CPU
		{00A251EC-CC25-4BBD-9FF1-8F2BC4F155B5}.Release|Any CPU.Build.0 = Release|Any CPU
		{13B83BF8-2BC7-4495-8854-D19300DB9703}.Debug|Any CPU.ActiveCfg = Debug|Any CPU
		{13B83BF8-2BC7-4495-8854-D19300DB9703}.Debug|Any CPU.Build.0 = Debug|Any CPU
		{13B83BF8-2BC7-4495-8854-D19300DB9703}.Release|Any CPU.ActiveCfg = Release|Any CPU
		{13B83BF8-2BC7-4495-8854-D19300DB9703}.Release|Any CPU.Build.0 = Release|Any CPU
		{D0586FC1-E513-4938-B1FA-95C16DBB3CCB}.Debug|Any CPU.ActiveCfg = Debug|Any CPU
		{D0586FC1-E513-4938-B1FA-95C16DBB3CCB}.Debug|Any CPU.Build.0 = Debug|Any CPU
		{D0586FC1-E513-4938-B1FA-95C16DBB3CCB}.Release|Any CPU.ActiveCfg = Release|Any CPU
		{D0586FC1-E513-4938-B1FA-95C16DBB3CCB}.Release|Any CPU.Build.0 = Release|Any CPU
	EndGlobalSection
	GlobalSection(SolutionProperties) = preSolution
		HideSolutionNode = FALSE
	EndGlobalSection
	GlobalSection(NestedProjects) = preSolution
		{18504B40-8464-4FB2-A37C-90A87D3768D8} = {0B99463F-BE4D-4915-B1A5-F487C074D539}
		{0277D423-8556-4D53-8C97-F6A044569775} = {9BCE90EB-9551-4C1F-8EC8-479B4FB92A30}
		{B54BE880-9276-470B-B21F-D2C84682BE47} = {9BCE90EB-9551-4C1F-8EC8-479B4FB92A30}
		{BBBD1F23-01A4-4204-AD33-F8C4666941A5} = {9BCE90EB-9551-4C1F-8EC8-479B4FB92A30}
		{FEAE4F06-113D-4617-B4F7-C634D4313B40} = {9BCE90EB-9551-4C1F-8EC8-479B4FB92A30}
		{94799A16-DB56-4631-838A-AE390FB1097E} = {9BCE90EB-9551-4C1F-8EC8-479B4FB92A30}
		{F5D40FED-1CA5-4234-9840-E71CDADC3993} = {0B99463F-BE4D-4915-B1A5-F487C074D539}
		{1BCD40C4-8BB3-4474-A3EE-13466F0632F0} = {9BCE90EB-9551-4C1F-8EC8-479B4FB92A30}
		{00A251EC-CC25-4BBD-9FF1-8F2BC4F155B5} = {0B99463F-BE4D-4915-B1A5-F487C074D539}
		{13B83BF8-2BC7-4495-8854-D19300DB9703} = {0B99463F-BE4D-4915-B1A5-F487C074D539}
		{D0586FC1-E513-4938-B1FA-95C16DBB3CCB} = {EA8276ED-A460-4A1B-BD32-47E1DCDA8875}
	EndGlobalSection
	GlobalSection(ExtensibilityGlobals) = postSolution
		SolutionGuid = {2FBD8DD4-464A-4B3F-BC46-C04357FA2ACE}
	EndGlobalSection
EndGlobal
